
Microsoft Visual Studio Solution File, Format Version 12.00
# Visual Studio Version 17
VisualStudioVersion = 17.9.34622.214
MinimumVisualStudioVersion = 10.0.40219.1
Project("{FAE04EC0-301F-11D3-BF4B-00C04F79EFBC}") = "AplicacionWeb01", "AplicacionWeb01\AplicacionWeb01.csproj", "{C64688EB-71D7-4CE3-B575-E9DA28E56AAD}"
EndProject
Global
	GlobalSection(SolutionConfigurationPlatforms) = preSolution
		Debug|Any CPU = Debug|Any CPU
		Release|Any CPU = Release|Any CPU
	EndGlobalSection
	GlobalSection(ProjectConfigurationPlatforms) = postSolution
		{C64688EB-71D7-4CE3-B575-E9DA28E56AAD}.Debug|Any CPU.ActiveCfg = Debug|Any CPU
		{C64688EB-71D7-4CE3-B575-E9DA28E56AAD}.Debug|Any CPU.Build.0 = Debug|Any CPU
		{C64688EB-71D7-4CE3-B575-E9DA28E56AAD}.Release|Any CPU.ActiveCfg = Release|Any CPU
		{C64688EB-71D7-4CE3-B575-E9DA28E56AAD}.Release|Any CPU.Build.0 = Release|Any CPU
	EndGlobalSection
	GlobalSection(SolutionProperties) = preSolution
		HideSolutionNode = FALSE
	EndGlobalSection
	GlobalSection(ExtensibilityGlobals) = postSolution
		SolutionGuid = {11A49444-A188-4425-B0B8-3DC782F6C86C}
	EndGlobalSection
EndGlobal
